{
	"requires": true,
	"lockfileVersion": 1,
	"dependencies": {
		"encode-html-template-tag": {
			"version": "2.2.1",
			"resolved": "https://registry.npmjs.org/encode-html-template-tag/-/encode-html-template-tag-2.2.1.tgz",
			"integrity": "sha512-5ZpUe1wSzyoj1quOhABP7VvQTadxB0Uz9cYUtXnjWkvp9u95vpm7Qx1h9yxPv2y53R+8imtiqM4WPBp1G51jPQ=="
		}
	}
}
